
Microsoft Visual Studio Solution File, Format Version 12.00
# Visual Studio Version 16
VisualStudioVersion = 16.0.31624.102
MinimumVisualStudioVersion = 10.0.40219.1
Project("{FAE04EC0-301F-11D3-BF4B-00C04F79EFBC}") = "Lab7_Advanced_Command_1910115", "Lab7_Advanced_Command_1910115\Lab7_Advanced_Command_1910115.csproj", "{86E42431-19C1-4497-B0F1-9D7424193D30}"
EndProject
Global
	GlobalSection(SolutionConfigurationPlatforms) = preSolution
		Debug|Any CPU = Debug|Any CPU
		Release|Any CPU = Release|Any CPU
	EndGlobalSection
	GlobalSection(ProjectConfigurationPlatforms) = postSolution
		{86E42431-19C1-4497-B0F1-9D7424193D30}.Debug|Any CPU.ActiveCfg = Debug|Any CPU
		{86E42431-19C1-4497-B0F1-9D7424193D30}.Debug|Any CPU.Build.0 = Debug|Any CPU
		{86E42431-19C1-4497-B0F1-9D7424193D30}.Release|Any CPU.ActiveCfg = Release|Any CPU
		{86E42431-19C1-4497-B0F1-9D7424193D30}.Release|Any CPU.Build.0 = Release|Any CPU
	EndGlobalSection
	GlobalSection(SolutionProperties) = preSolution
		HideSolutionNode = FALSE
	EndGlobalSection
	GlobalSection(ExtensibilityGlobals) = postSolution
		SolutionGuid = {825DFC14-EE3C-4BAD-8248-4756C5F8D144}
	EndGlobalSection
EndGlobal
